
Microsoft Visual Studio Solution File, Format Version 12.00
# Visual Studio Version 16
VisualStudioVersion = 16.0.29324.140
MinimumVisualStudioVersion = 10.0.40219.1
Project("{FAE04EC0-301F-11D3-BF4B-00C04F79EFBC}") = "Simplic.TableMonitor", "Simplic.TableMonitor\Simplic.TableMonitor.csproj", "{F70208F8-B35C-4B3C-817E-64649F00668D}"
EndProject
Project("{FAE04EC0-301F-11D3-BF4B-00C04F79EFBC}") = "Simplic.TableMonitor.Data.DB", "Simplic.TableMonitor.Data.DB\Simplic.TableMonitor.Data.DB.csproj", "{E7CE1033-23FE-4A21-BEC0-23CA044B6D7B}"
EndProject
Project("{FAE04EC0-301F-11D3-BF4B-00C04F79EFBC}") = "Simplic.TableMonitor.Service", "Simplic.TableMonitor.Service\Simplic.TableMonitor.Service.csproj", "{F31F63FA-6249-47BF-9404-8F64FEFCB81E}"
EndProject
Project("{2150E333-8FDC-42A3-9474-1A3956D46DE8}") = "ENV", "ENV", "{6DDC6753-1F68-4D18-9D23-0483DAF0729E}"
	ProjectSection(SolutionItems) = preProject
		..\azure-pipelines.yml = ..\azure-pipelines.yml
	EndProjectSection
EndProject
Global
	GlobalSection(SolutionConfigurationPlatforms) = preSolution
		Debug|Any CPU = Debug|Any CPU
		Release|Any CPU = Release|Any CPU
	EndGlobalSection
	GlobalSection(ProjectConfigurationPlatforms) = postSolution
		{F70208F8-B35C-4B3C-817E-64649F00668D}.Debug|Any CPU.ActiveCfg = Debug|Any CPU
		{F70208F8-B35C-4B3C-817E-64649F00668D}.Debug|Any CPU.Build.0 = Debug|Any CPU
		{F70208F8-B35C-4B3C-817E-64649F00668D}.Release|Any CPU.ActiveCfg = Release|Any CPU
		{F70208F8-B35C-4B3C-817E-64649F00668D}.Release|Any CPU.Build.0 = Release|Any CPU
		{E7CE1033-23FE-4A21-BEC0-23CA044B6D7B}.Debug|Any CPU.ActiveCfg = Debug|Any CPU
		{E7CE1033-23FE-4A21-BEC0-23CA044B6D7B}.Debug|Any CPU.Build.0 = Debug|Any CPU
		{E7CE1033-23FE-4A21-BEC0-23CA044B6D7B}.Release|Any CPU.ActiveCfg = Release|Any CPU
		{E7CE1033-23FE-4A21-BEC0-23CA044B6D7B}.Release|Any CPU.Build.0 = Release|Any CPU
		{F31F63FA-6249-47BF-9404-8F64FEFCB81E}.Debug|Any CPU.ActiveCfg = Debug|Any CPU
		{F31F63FA-6249-47BF-9404-8F64FEFCB81E}.Debug|Any CPU.Build.0 = Debug|Any CPU
		{F31F63FA-6249-47BF-9404-8F64FEFCB81E}.Release|Any CPU.ActiveCfg = Release|Any CPU
		{F31F63FA-6249-47BF-9404-8F64FEFCB81E}.Release|Any CPU.Build.0 = Release|Any CPU
	EndGlobalSection
	GlobalSection(SolutionProperties) = preSolution
		HideSolutionNode = FALSE
	EndGlobalSection
	GlobalSection(ExtensibilityGlobals) = postSolution
		SolutionGuid = {D04178AA-F200-4BB2-BE67-A9697CF690AE}
	EndGlobalSection
EndGlobal
